<?xml version="1.0" encoding="utf-8"?>
<Project ToolsVersion="4.0" xmlns="http://schemas.microsoft.com/developer/msbuild/2003">
  <ItemGroup>
    <Filter Include="File di origine">
      <UniqueIdentifier>{4FC737F1-C7A5-4376-A066-2A32D752A2FF}</UniqueIdentifier>
      <Extensions>cpp;c;cc;cxx;def;odl;idl;hpj;bat;asm;asmx</Extensions>
    </Filter>
    <Filter Include="File di intestazione">
      <UniqueIdentifier>{93995380-89BD-4b04-88EB-625FBE52EBFB}</UniqueIdentifier>
      <Extensions>h;hh;hpp;hxx;hm;inl;inc;ipp;xsd</Extensions>
    </Filter>
    <Filter Include="File di risorse">
      <UniqueIdentifier>{67DA6AB6-F800-4c08-8B7A-83BB121AAD01}</UniqueIdentifier>
      <Extensions>rc;ico;cur;bmp;dlg;rc2;rct;bin;rgs;gif;jpg;jpeg;jpe;resx;tiff;tif;png;wav;mfcribbon-ms</Extensions>
    </Filter>
  </ItemGroup>
  <ItemGroup>
    <ClInclude Include="targetver.h">
      <Filter>File di intestazione</Filter>
    </ClInclude>
    <ClInclude Include="UtenteSemplice.h">
      <Filter>File di intestazione</Filter>
    </ClInclude>
    <ClInclude Include="Data.h">
      <Filter>File di intestazione</Filter>
    </ClInclude>
    <ClInclude Include="UtenteAzienda.h">
      <Filter>File di intestazione</Filter>
    </ClInclude>
    <ClInclude Include="Notizia.h">
      <Filter>File di intestazione</Filter>
    </ClInclude>
    <ClInclude Include="UtenteGruppo.h">
      <Filter>File di intestazione</Filter>
    </ClInclude>
    <ClInclude Include="Caratteri.h">
      <Filter>File di intestazione</Filter>
    </ClInclude>
    <ClInclude Include="Utente.h">
      <Filter>File di intestazione</Filter>
    </ClInclude>
    <ClInclude Include="GestioneFile.h">
      <Filter>File di intestazione</Filter>
    </ClInclude>
    <ClInclude Include="GestioneNotizie.h">
      <Filter>File di intestazione</Filter>
    </ClInclude>
    <ClInclude Include="GestioneUtenti.h">
      <Filter>File di intestazione</Filter>
    </ClInclude>
    <ClInclude Include="MenuProgetto.h">
      <Filter>File di intestazione</Filter>
    </ClInclude>
    <ClInclude Include="FunzionalitàStatistiche.h">
      <Filter>File di intestazione</Filter>
    </ClInclude>
    <ClInclude Include="GestioneRelazioni.h">
      <Filter>File di intestazione</Filter>
    </ClInclude>
    <ClInclude Include="FunzionalitàRicerca.h">
      <Filter>File di intestazione</Filter>
    </ClInclude>
    <ClInclude Include="GestioneStringhe.h">
      <Filter>File di intestazione</Filter>
    </ClInclude>
  </ItemGroup>
  <ItemGroup>
    <ClCompile Include="Progetto_2018.cpp">
      <Filter>File di origine</Filter>
    </ClCompile>
    <ClCompile Include="UtenteSemplice.cpp">
      <Filter>File di origine</Filter>
    </ClCompile>
    <ClCompile Include="Data.cpp">
      <Filter>File di origine</Filter>
    </ClCompile>
    <ClCompile Include="UtenteAzienda.cpp">
      <Filter>File di origine</Filter>
    </ClCompile>
    <ClCompile Include="Notizia.cpp">
      <Filter>File di origine</Filter>
    </ClCompile>
    <ClCompile Include="UtenteGruppo.cpp">
      <Filter>File di origine</Filter>
    </ClCompile>
    <ClCompile Include="Utente.cpp">
      <Filter>File di origine</Filter>
    </ClCompile>
  </ItemGroup>
</Project>